// !$*UTF8*$!
{
	archiveVersion = 1;
	classes = {
	};
	objectVersion = 56;
	objects = {

/* Begin PBXBuildFile section */
		F3F537282D92948B004F13BA /* SwiftUI_MinigolfApp.swift in Sources */ = {isa = PBXBuildFile; fileRef = F3F537272D92948B004F13BA /* SwiftUI_MinigolfApp.swift */; };
		F3F5372C2D92948D004F13BA /* Assets.xcassets in Resources */ = {isa = PBXBuildFile; fileRef = F3F5372B2D92948D004F13BA /* Assets.xcassets */; };
		F3F5372F2D92948D004F13BA /* Preview Assets.xcassets in Resources */ = {isa = PBXBuildFile; fileRef = F3F5372E2D92948D004F13BA /* Preview Assets.xcassets */; };
		F3F537522D92952A004F13BA /* TextFormatting1.swift in Sources */ = {isa = PBXBuildFile; fileRef = F3F537372D929528004F13BA /* TextFormatting1.swift */; };
		F3F537532D92952A004F13BA /* TextFormattingSummary.swift in Sources */ = {isa = PBXBuildFile; fileRef = F3F537382D929529004F13BA /* TextFormattingSummary.swift */; };
		F3F537542D92952A004F13BA /* TextFormatting4.swift in Sources */ = {isa = PBXBuildFile; fileRef = F3F537392D929529004F13BA /* TextFormatting4.swift */; };
		F3F537552D92952A004F13BA /* ButtonLayout.swift in Sources */ = {isa = PBXBuildFile; fileRef = F3F5373A2D929529004F13BA /* ButtonLayout.swift */; };
		F3F537562D92952A004F13BA /* Rings2.swift in Sources */ = {isa = PBXBuildFile; fileRef = F3F5373B2D929529004F13BA /* Rings2.swift */; };
		F3F537572D92952A004F13BA /* TextSizing.swift in Sources */ = {isa = PBXBuildFile; fileRef = F3F5373C2D929529004F13BA /* TextSizing.swift */; };
		F3F537582D92952A004F13BA /* TextSizingSummary.swift in Sources */ = {isa = PBXBuildFile; fileRef = F3F5373D2D929529004F13BA /* TextSizingSummary.swift */; };
		F3F537592D92952A004F13BA /* TextFormatting2.swift in Sources */ = {isa = PBXBuildFile; fileRef = F3F5373E2D929529004F13BA /* TextFormatting2.swift */; };
		F3F5375A2D92952A004F13BA /* Rings1.swift in Sources */ = {isa = PBXBuildFile; fileRef = F3F5373F2D929529004F13BA /* Rings1.swift */; };
		F3F5375B2D92952A004F13BA /* TextSizing3.swift in Sources */ = {isa = PBXBuildFile; fileRef = F3F537402D929529004F13BA /* TextSizing3.swift */; };
		F3F5375C2D92952A004F13BA /* Challenges.swift in Sources */ = {isa = PBXBuildFile; fileRef = F3F537412D929529004F13BA /* Challenges.swift */; };
		F3F5375D2D92952A004F13BA /* ColorDarker.swift in Sources */ = {isa = PBXBuildFile; fileRef = F3F537422D929529004F13BA /* ColorDarker.swift */; };
		F3F5375E2D92952A004F13BA /* Rings3.swift in Sources */ = {isa = PBXBuildFile; fileRef = F3F537432D929529004F13BA /* Rings3.swift */; };
		F3F5375F2D92952A004F13BA /* TextFormatting3.swift in Sources */ = {isa = PBXBuildFile; fileRef = F3F537442D929529004F13BA /* TextFormatting3.swift */; };
		F3F537602D92952A004F13BA /* TextSizing4.swift in Sources */ = {isa = PBXBuildFile; fileRef = F3F537452D929529004F13BA /* TextSizing4.swift */; };
		F3F537612D92952A004F13BA /* ChallengeView.swift in Sources */ = {isa = PBXBuildFile; fileRef = F3F537462D929529004F13BA /* ChallengeView.swift */; };
		F3F537622D92952A004F13BA /* TextSizing2.swift in Sources */ = {isa = PBXBuildFile; fileRef = F3F537472D929529004F13BA /* TextSizing2.swift */; };
		F3F537632D92952A004F13BA /* count.sh in Resources */ = {isa = PBXBuildFile; fileRef = F3F537482D929529004F13BA /* count.sh */; };
		F3F537642D92952A004F13BA /* ButtonLayout3.swift in Sources */ = {isa = PBXBuildFile; fileRef = F3F537492D929529004F13BA /* ButtonLayout3.swift */; };
		F3F537652D92952A004F13BA /* ButtonLayout2.swift in Sources */ = {isa = PBXBuildFile; fileRef = F3F5374A2D929529004F13BA /* ButtonLayout2.swift */; };
		F3F537672D92952A004F13BA /* Rings4.swift in Sources */ = {isa = PBXBuildFile; fileRef = F3F5374C2D929529004F13BA /* Rings4.swift */; };
		F3F537682D92952A004F13BA /* Rings.swift in Sources */ = {isa = PBXBuildFile; fileRef = F3F5374D2D92952A004F13BA /* Rings.swift */; };
		F3F5376A2D92952A004F13BA /* TextSizing1.swift in Sources */ = {isa = PBXBuildFile; fileRef = F3F5374F2D92952A004F13BA /* TextSizing1.swift */; };
		F3F5376B2D92952A004F13BA /* TextFormatting.swift in Sources */ = {isa = PBXBuildFile; fileRef = F3F537502D92952A004F13BA /* TextFormatting.swift */; };
		F3F5376C2D92952A004F13BA /* ButtonLayout1.swift in Sources */ = {isa = PBXBuildFile; fileRef = F3F537512D92952A004F13BA /* ButtonLayout1.swift */; };
		F3F537722D92969B004F13BA /* ContentView.swift in Sources */ = {isa = PBXBuildFile; fileRef = F3F537712D92969B004F13BA /* ContentView.swift */; };
/* End PBXBuildFile section */

/* Begin PBXFileReference section */
		F3F537242D92948B004F13BA /* SwiftUI-Minigolf.app */ = {isa = PBXFileReference; explicitFileType = wrapper.application; includeInIndex = 0; path = "SwiftUI-Minigolf.app"; sourceTree = BUILT_PRODUCTS_DIR; };
		F3F537272D92948B004F13BA /* SwiftUI_MinigolfApp.swift */ = {isa = PBXFileReference; lastKnownFileType = sourcecode.swift; path = SwiftUI_MinigolfApp.swift; sourceTree = "<group>"; };
		F3F5372B2D92948D004F13BA /* Assets.xcassets */ = {isa = PBXFileReference; lastKnownFileType = folder.assetcatalog; path = Assets.xcassets; sourceTree = "<group>"; };
		F3F5372E2D92948D004F13BA /* Preview Assets.xcassets */ = {isa = PBXFileReference; lastKnownFileType = folder.assetcatalog; path = "Preview Assets.xcassets"; sourceTree = "<group>"; };
		F3F537352D9294E3004F13BA /* README.md */ = {isa = PBXFileReference; lastKnownFileType = net.daringfireball.markdown; path = README.md; sourceTree = "<group>"; };
		F3F537362D9294E3004F13BA /* qr_code.png */ = {isa = PBXFileReference; lastKnownFileType = image.png; path = qr_code.png; sourceTree = "<group>"; };
		F3F537372D929528004F13BA /* TextFormatting1.swift */ = {isa = PBXFileReference; fileEncoding = 4; lastKnownFileType = sourcecode.swift; path = TextFormatting1.swift; sourceTree = "<group>"; };
		F3F537382D929529004F13BA /* TextFormattingSummary.swift */ = {isa = PBXFileReference; fileEncoding = 4; lastKnownFileType = sourcecode.swift; path = TextFormattingSummary.swift; sourceTree = "<group>"; };
		F3F537392D929529004F13BA /* TextFormatting4.swift */ = {isa = PBXFileReference; fileEncoding = 4; lastKnownFileType = sourcecode.swift; path = TextFormatting4.swift; sourceTree = "<group>"; };
		F3F5373A2D929529004F13BA /* ButtonLayout.swift */ = {isa = PBXFileReference; fileEncoding = 4; lastKnownFileType = sourcecode.swift; path = ButtonLayout.swift; sourceTree = "<group>"; };
		F3F5373B2D929529004F13BA /* Rings2.swift */ = {isa = PBXFileReference; fileEncoding = 4; lastKnownFileType = sourcecode.swift; path = Rings2.swift; sourceTree = "<group>"; };
		F3F5373C2D929529004F13BA /* TextSizing.swift */ = {isa = PBXFileReference; fileEncoding = 4; lastKnownFileType = sourcecode.swift; path = TextSizing.swift; sourceTree = "<group>"; };
		F3F5373D2D929529004F13BA /* TextSizingSummary.swift */ = {isa = PBXFileReference; fileEncoding = 4; lastKnownFileType = sourcecode.swift; path = TextSizingSummary.swift; sourceTree = "<group>"; };
		F3F5373E2D929529004F13BA /* TextFormatting2.swift */ = {isa = PBXFileReference; fileEncoding = 4; lastKnownFileType = sourcecode.swift; path = TextFormatting2.swift; sourceTree = "<group>"; };
		F3F5373F2D929529004F13BA /* Rings1.swift */ = {isa = PBXFileReference; fileEncoding = 4; lastKnownFileType = sourcecode.swift; path = Rings1.swift; sourceTree = "<group>"; };
		F3F537402D929529004F13BA /* TextSizing3.swift */ = {isa = PBXFileReference; fileEncoding = 4; lastKnownFileType = sourcecode.swift; path = TextSizing3.swift; sourceTree = "<group>"; };
		F3F537412D929529004F13BA /* Challenges.swift */ = {isa = PBXFileReference; fileEncoding = 4; lastKnownFileType = sourcecode.swift; path = Challenges.swift; sourceTree = "<group>"; };
		F3F537422D929529004F13BA /* ColorDarker.swift */ = {isa = PBXFileReference; fileEncoding = 4; lastKnownFileType = sourcecode.swift; path = ColorDarker.swift; sourceTree = "<group>"; };
		F3F537432D929529004F13BA /* Rings3.swift */ = {isa = PBXFileReference; fileEncoding = 4; lastKnownFileType = sourcecode.swift; path = Rings3.swift; sourceTree = "<group>"; };
		F3F537442D929529004F13BA /* TextFormatting3.swift */ = {isa = PBXFileReference; fileEncoding = 4; lastKnownFileType = sourcecode.swift; path = TextFormatting3.swift; sourceTree = "<group>"; };
		F3F537452D929529004F13BA /* TextSizing4.swift */ = {isa = PBXFileReference; fileEncoding = 4; lastKnownFileType = sourcecode.swift; path = TextSizing4.swift; sourceTree = "<group>"; };
		F3F537462D929529004F13BA /* ChallengeView.swift */ = {isa = PBXFileReference; fileEncoding = 4; lastKnownFileType = sourcecode.swift; path = ChallengeView.swift; sourceTree = "<group>"; };
		F3F537472D929529004F13BA /* TextSizing2.swift */ = {isa = PBXFileReference; fileEncoding = 4; lastKnownFileType = sourcecode.swift; path = TextSizing2.swift; sourceTree = "<group>"; };
		F3F537482D929529004F13BA /* count.sh */ = {isa = PBXFileReference; fileEncoding = 4; lastKnownFileType = text.script.sh; path = count.sh; sourceTree = "<group>"; };
		F3F537492D929529004F13BA /* ButtonLayout3.swift */ = {isa = PBXFileReference; fileEncoding = 4; lastKnownFileType = sourcecode.swift; path = ButtonLayout3.swift; sourceTree = "<group>"; };
		F3F5374A2D929529004F13BA /* ButtonLayout2.swift */ = {isa = PBXFileReference; fileEncoding = 4; lastKnownFileType = sourcecode.swift; path = ButtonLayout2.swift; sourceTree = "<group>"; };
		F3F5374C2D929529004F13BA /* Rings4.swift */ = {isa = PBXFileReference; fileEncoding = 4; lastKnownFileType = sourcecode.swift; path = Rings4.swift; sourceTree = "<group>"; };
		F3F5374D2D92952A004F13BA /* Rings.swift */ = {isa = PBXFileReference; fileEncoding = 4; lastKnownFileType = sourcecode.swift; path = Rings.swift; sourceTree = "<group>"; };
		F3F5374F2D92952A004F13BA /* TextSizing1.swift */ = {isa = PBXFileReference; fileEncoding = 4; lastKnownFileType = sourcecode.swift; path = TextSizing1.swift; sourceTree = "<group>"; };
		F3F537502D92952A004F13BA /* TextFormatting.swift */ = {isa = PBXFileReference; fileEncoding = 4; lastKnownFileType = sourcecode.swift; path = TextFormatting.swift; sourceTree = "<group>"; };
		F3F537512D92952A004F13BA /* ButtonLayout1.swift */ = {isa = PBXFileReference; fileEncoding = 4; lastKnownFileType = sourcecode.swift; path = ButtonLayout1.swift; sourceTree = "<group>"; };
		F3F537712D92969B004F13BA /* ContentView.swift */ = {isa = PBXFileReference; fileEncoding = 4; lastKnownFileType = sourcecode.swift; path = ContentView.swift; sourceTree = "<group>"; };
/* End PBXFileReference section */

/* Begin PBXFrameworksBuildPhase section */
		F3F537212D92948B004F13BA /* Frameworks */ = {
			isa = PBXFrameworksBuildPhase;
			buildActionMask = 2147483647;
			files = (
			);
			runOnlyForDeploymentPostprocessing = 0;
		};
/* End PBXFrameworksBuildPhase section */

/* Begin PBXGroup section */
		F3F5371B2D92948B004F13BA = {
			isa = PBXGroup;
			children = (
				F3F537362D9294E3004F13BA /* qr_code.png */,
				F3F537352D9294E3004F13BA /* README.md */,
				F3F537262D92948B004F13BA /* SwiftUI-Minigolf */,
				F3F537252D92948B004F13BA /* Products */,
			);
			sourceTree = "<group>";
		};
		F3F537252D92948B004F13BA /* Products */ = {
			isa = PBXGroup;
			children = (
				F3F537242D92948B004F13BA /* SwiftUI-Minigolf.app */,
			);
			name = Products;
			sourceTree = "<group>";
		};
		F3F537262D92948B004F13BA /* SwiftUI-Minigolf */ = {
			isa = PBXGroup;
			children = (
				F3F537712D92969B004F13BA /* ContentView.swift */,
				F3F5373A2D929529004F13BA /* ButtonLayout.swift */,
				F3F537512D92952A004F13BA /* ButtonLayout1.swift */,
				F3F5374A2D929529004F13BA /* ButtonLayout2.swift */,
				F3F537492D929529004F13BA /* ButtonLayout3.swift */,
				F3F537412D929529004F13BA /* Challenges.swift */,
				F3F537462D929529004F13BA /* ChallengeView.swift */,
				F3F537422D929529004F13BA /* ColorDarker.swift */,
				F3F537482D929529004F13BA /* count.sh */,
				F3F5374D2D92952A004F13BA /* Rings.swift */,
				F3F5373F2D929529004F13BA /* Rings1.swift */,
				F3F5373B2D929529004F13BA /* Rings2.swift */,
				F3F537432D929529004F13BA /* Rings3.swift */,
				F3F5374C2D929529004F13BA /* Rings4.swift */,
				F3F537502D92952A004F13BA /* TextFormatting.swift */,
				F3F537372D929528004F13BA /* TextFormatting1.swift */,
				F3F5373E2D929529004F13BA /* TextFormatting2.swift */,
				F3F537442D929529004F13BA /* TextFormatting3.swift */,
				F3F537392D929529004F13BA /* TextFormatting4.swift */,
				F3F537382D929529004F13BA /* TextFormattingSummary.swift */,
				F3F5373C2D929529004F13BA /* TextSizing.swift */,
				F3F5374F2D92952A004F13BA /* TextSizing1.swift */,
				F3F537472D929529004F13BA /* TextSizing2.swift */,
				F3F537402D929529004F13BA /* TextSizing3.swift */,
				F3F537452D929529004F13BA /* TextSizing4.swift */,
				F3F5373D2D929529004F13BA /* TextSizingSummary.swift */,
				F3F537272D92948B004F13BA /* SwiftUI_MinigolfApp.swift */,
				F3F5372B2D92948D004F13BA /* Assets.xcassets */,
				F3F5372D2D92948D004F13BA /* Preview Content */,
			);
			path = "SwiftUI-Minigolf";
			sourceTree = "<group>";
		};
		F3F5372D2D92948D004F13BA /* Preview Content */ = {
			isa = PBXGroup;
			children = (
				F3F5372E2D92948D004F13BA /* Preview Assets.xcassets */,
			);
			path = "Preview Content";
			sourceTree = "<group>";
		};
/* End PBXGroup section */

/* Begin PBXNativeTarget section */
		F3F537232D92948B004F13BA /* SwiftUI-Minigolf */ = {
			isa = PBXNativeTarget;
			buildConfigurationList = F3F537322D92948D004F13BA /* Build configuration list for PBXNativeTarget "SwiftUI-Minigolf" */;
			buildPhases = (
				F3F537202D92948B004F13BA /* Sources */,
				F3F537212D92948B004F13BA /* Frameworks */,
				F3F537222D92948B004F13BA /* Resources */,
			);
			buildRules = (
			);
			dependencies = (
			);
			name = "SwiftUI-Minigolf";
			productName = "SwiftUI-Minigolf";
			productReference = F3F537242D92948B004F13BA /* SwiftUI-Minigolf.app */;
			productType = "com.apple.product-type.application";
		};
/* End PBXNativeTarget section */

/* Begin PBXProject section */
		F3F5371C2D92948B004F13BA /* Project object */ = {
			isa = PBXProject;
			attributes = {
				BuildIndependentTargetsInParallel = 1;
				LastSwiftUpdateCheck = 1520;
				LastUpgradeCheck = 1520;
				TargetAttributes = {
					F3F537232D92948B004F13BA = {
						CreatedOnToolsVersion = 15.2;
					};
				};
			};
			buildConfigurationList = F3F5371F2D92948B004F13BA /* Build configuration list for PBXProject "SwiftUI-Minigolf" */;
			compatibilityVersion = "Xcode 14.0";
			developmentRegion = en;
			hasScannedForEncodings = 0;
			knownRegions = (
				en,
				Base,
			);
			mainGroup = F3F5371B2D92948B004F13BA;
			productRefGroup = F3F537252D92948B004F13BA /* Products */;
			projectDirPath = "";
			projectRoot = "";
			targets = (
				F3F537232D92948B004F13BA /* SwiftUI-Minigolf */,
			);
		};
/* End PBXProject section */

/* Begin PBXResourcesBuildPhase section */
		F3F537222D92948B004F13BA /* Resources */ = {
			isa = PBXResourcesBuildPhase;
			buildActionMask = 2147483647;
			files = (
				F3F5372F2D92948D004F13BA /* Preview Assets.xcassets in Resources */,
				F3F537632D92952A004F13BA /* count.sh in Resources */,
				F3F5372C2D92948D004F13BA /* Assets.xcassets in Resources */,
			);
			runOnlyForDeploymentPostprocessing = 0;
		};
/* End PBXResourcesBuildPhase section */

/* Begin PBXSourcesBuildPhase section */
		F3F537202D92948B004F13BA /* Sources */ = {
			isa = PBXSourcesBuildPhase;
			buildActionMask = 2147483647;
			files = (
				F3F537542D92952A004F13BA /* TextFormatting4.swift in Sources */,
				F3F5375E2D92952A004F13BA /* Rings3.swift in Sources */,
				F3F537582D92952A004F13BA /* TextSizingSummary.swift in Sources */,
				F3F5376C2D92952A004F13BA /* ButtonLayout1.swift in Sources */,
				F3F5375D2D92952A004F13BA /* ColorDarker.swift in Sources */,
				F3F5376B2D92952A004F13BA /* TextFormatting.swift in Sources */,
				F3F537572D92952A004F13BA /* TextSizing.swift in Sources */,
				F3F537612D92952A004F13BA /* ChallengeView.swift in Sources */,
				F3F537652D92952A004F13BA /* ButtonLayout2.swift in Sources */,
				F3F537532D92952A004F13BA /* TextFormattingSummary.swift in Sources */,
				F3F537722D92969B004F13BA /* ContentView.swift in Sources */,
				F3F537622D92952A004F13BA /* TextSizing2.swift in Sources */,
				F3F537562D92952A004F13BA /* Rings2.swift in Sources */,
				F3F5375C2D92952A004F13BA /* Challenges.swift in Sources */,
				F3F537672D92952A004F13BA /* Rings4.swift in Sources */,
				F3F5375B2D92952A004F13BA /* TextSizing3.swift in Sources */,
				F3F537602D92952A004F13BA /* TextSizing4.swift in Sources */,
				F3F537642D92952A004F13BA /* ButtonLayout3.swift in Sources */,
				F3F537552D92952A004F13BA /* ButtonLayout.swift in Sources */,
				F3F537682D92952A004F13BA /* Rings.swift in Sources */,
				F3F537282D92948B004F13BA /* SwiftUI_MinigolfApp.swift in Sources */,
				F3F537592D92952A004F13BA /* TextFormatting2.swift in Sources */,
				F3F5376A2D92952A004F13BA /* TextSizing1.swift in Sources */,
				F3F5375F2D92952A004F13BA /* TextFormatting3.swift in Sources */,
				F3F537522D92952A004F13BA /* TextFormatting1.swift in Sources */,
				F3F5375A2D92952A004F13BA /* Rings1.swift in Sources */,
			);
			runOnlyForDeploymentPostprocessing = 0;
		};
/* End PBXSourcesBuildPhase section */

/* Begin XCBuildConfiguration section */
		F3F537302D92948D004F13BA /* Debug */ = {
			isa = XCBuildConfiguration;
			buildSettings = {
				ALWAYS_SEARCH_USER_PATHS = NO;
				ASSETCATALOG_COMPILER_GENERATE_SWIFT_ASSET_SYMBOL_EXTENSIONS = YES;
				CLANG_ANALYZER_NONNULL = YES;
				CLANG_ANALYZER_NUMBER_OBJECT_CONVERSION = YES_AGGRESSIVE;
				CLANG_CXX_LANGUAGE_STANDARD = "gnu++20";
				CLANG_ENABLE_MODULES = YES;
				CLANG_ENABLE_OBJC_ARC = YES;
				CLANG_ENABLE_OBJC_WEAK = YES;
				CLANG_WARN_BLOCK_CAPTURE_AUTORELEASING = YES;
				CLANG_WARN_BOOL_CONVERSION = YES;
				CLANG_WARN_COMMA = YES;
				CLANG_WARN_CONSTANT_CONVERSION = YES;
				CLANG_WARN_DEPRECATED_OBJC_IMPLEMENTATIONS = YES;
				CLANG_WARN_DIRECT_OBJC_ISA_USAGE = YES_ERROR;
				CLANG_WARN_DOCUMENTATION_COMMENTS = YES;
				CLANG_WARN_EMPTY_BODY = YES;
				CLANG_WARN_ENUM_CONVERSION = YES;
				CLANG_WARN_INFINITE_RECURSION = YES;
				CLANG_WARN_INT_CONVERSION = YES;
				CLANG_WARN_NON_LITERAL_NULL_CONVERSION = YES;
				CLANG_WARN_OBJC_IMPLICIT_RETAIN_SELF = YES;
				CLANG_WARN_OBJC_LITERAL_CONVERSION = YES;
				CLANG_WARN_OBJC_ROOT_CLASS = YES_ERROR;
				CLANG_WARN_QUOTED_INCLUDE_IN_FRAMEWORK_HEADER = YES;
				CLANG_WARN_RANGE_LOOP_ANALYSIS = YES;
				CLANG_WARN_STRICT_PROTOTYPES = YES;
				CLANG_WARN_SUSPICIOUS_MOVE = YES;
				CLANG_WARN_UNGUARDED_AVAILABILITY = YES_AGGRESSIVE;
				CLANG_WARN_UNREACHABLE_CODE = YES;
				CLANG_WARN__DUPLICATE_METHOD_MATCH = YES;
				COPY_PHASE_STRIP = NO;
				DEBUG_INFORMATION_FORMAT = dwarf;
				ENABLE_STRICT_OBJC_MSGSEND = YES;
				ENABLE_TESTABILITY = YES;
				ENABLE_USER_SCRIPT_SANDBOXING = YES;
				GCC_C_LANGUAGE_STANDARD = gnu17;
				GCC_DYNAMIC_NO_PIC = NO;
				GCC_NO_COMMON_BLOCKS = YES;
				GCC_OPTIMIZATION_LEVEL = 0;
				GCC_PREPROCESSOR_DEFINITIONS = (
					"DEBUG=1",
					"$(inherited)",
				);
				GCC_WARN_64_TO_32_BIT_CONVERSION = YES;
				GCC_WARN_ABOUT_RETURN_TYPE = YES_ERROR;
				GCC_WARN_UNDECLARED_SELECTOR = YES;
				GCC_WARN_UNINITIALIZED_AUTOS = YES_AGGRESSIVE;
				GCC_WARN_UNUSED_FUNCTION = YES;
				GCC_WARN_UNUSED_VARIABLE = YES;
				IPHONEOS_DEPLOYMENT_TARGET = 17.2;
				LOCALIZATION_PREFERS_STRING_CATALOGS = YES;
				MTL_ENABLE_DEBUG_INFO = INCLUDE_SOURCE;
				MTL_FAST_MATH = YES;
				ONLY_ACTIVE_ARCH = YES;
				SDKROOT = iphoneos;
				SWIFT_ACTIVE_COMPILATION_CONDITIONS = "DEBUG $(inherited)";
				SWIFT_OPTIMIZATION_LEVEL = "-Onone";
			};
			name = Debug;
		};
		F3F537312D92948D004F13BA /* Release */ = {
			isa = XCBuildConfiguration;
			buildSettings = {
				ALWAYS_SEARCH_USER_PATHS = NO;
				ASSETCATALOG_COMPILER_GENERATE_SWIFT_ASSET_SYMBOL_EXTENSIONS = YES;
				CLANG_ANALYZER_NONNULL = YES;
				CLANG_ANALYZER_NUMBER_OBJECT_CONVERSION = YES_AGGRESSIVE;
				CLANG_CXX_LANGUAGE_STANDARD = "gnu++20";
				CLANG_ENABLE_MODULES = YES;
				CLANG_ENABLE_OBJC_ARC = YES;
				CLANG_ENABLE_OBJC_WEAK = YES;
				CLANG_WARN_BLOCK_CAPTURE_AUTORELEASING = YES;
				CLANG_WARN_BOOL_CONVERSION = YES;
				CLANG_WARN_COMMA = YES;
				CLANG_WARN_CONSTANT_CONVERSION = YES;
				CLANG_WARN_DEPRECATED_OBJC_IMPLEMENTATIONS = YES;
				CLANG_WARN_DIRECT_OBJC_ISA_USAGE = YES_ERROR;
				CLANG_WARN_DOCUMENTATION_COMMENTS = YES;
				CLANG_WARN_EMPTY_BODY = YES;
				CLANG_WARN_ENUM_CONVERSION = YES;
				CLANG_WARN_INFINITE_RECURSION = YES;
				CLANG_WARN_INT_CONVERSION = YES;
				CLANG_WARN_NON_LITERAL_NULL_CONVERSION = YES;
				CLANG_WARN_OBJC_IMPLICIT_RETAIN_SELF = YES;
				CLANG_WARN_OBJC_LITERAL_CONVERSION = YES;
				CLANG_WARN_OBJC_ROOT_CLASS = YES_ERROR;
				CLANG_WARN_QUOTED_INCLUDE_IN_FRAMEWORK_HEADER = YES;
				CLANG_WARN_RANGE_LOOP_ANALYSIS = YES;
				CLANG_WARN_STRICT_PROTOTYPES = YES;
				CLANG_WARN_SUSPICIOUS_MOVE = YES;
				CLANG_WARN_UNGUARDED_AVAILABILITY = YES_AGGRESSIVE;
				CLANG_WARN_UNREACHABLE_CODE = YES;
				CLANG_WARN__DUPLICATE_METHOD_MATCH = YES;
				COPY_PHASE_STRIP = NO;
				DEBUG_INFORMATION_FORMAT = "dwarf-with-dsym";
				ENABLE_NS_ASSERTIONS = NO;
				ENABLE_STRICT_OBJC_MSGSEND = YES;
				ENABLE_USER_SCRIPT_SANDBOXING = YES;
				GCC_C_LANGUAGE_STANDARD = gnu17;
				GCC_NO_COMMON_BLOCKS = YES;
				GCC_WARN_64_TO_32_BIT_CONVERSION = YES;
				GCC_WARN_ABOUT_RETURN_TYPE = YES_ERROR;
				GCC_WARN_UNDECLARED_SELECTOR = YES;
				GCC_WARN_UNINITIALIZED_AUTOS = YES_AGGRESSIVE;
				GCC_WARN_UNUSED_FUNCTION = YES;
				GCC_WARN_UNUSED_VARIABLE = YES;
				IPHONEOS_DEPLOYMENT_TARGET = 17.2;
				LOCALIZATION_PREFERS_STRING_CATALOGS = YES;
				MTL_ENABLE_DEBUG_INFO = NO;
				MTL_FAST_MATH = YES;
				SDKROOT = iphoneos;
				SWIFT_COMPILATION_MODE = wholemodule;
				VALIDATE_PRODUCT = YES;
			};
			name = Release;
		};
		F3F537332D92948D004F13BA /* Debug */ = {
			isa = XCBuildConfiguration;
			buildSettings = {
				ASSETCATALOG_COMPILER_APPICON_NAME = AppIcon;
				ASSETCATALOG_COMPILER_GLOBAL_ACCENT_COLOR_NAME = AccentColor;
				CODE_SIGN_STYLE = Automatic;
				CURRENT_PROJECT_VERSION = 1;
				DEVELOPMENT_ASSET_PATHS = "\"SwiftUI-Minigolf/Preview Content\"";
				ENABLE_PREVIEWS = YES;
				GENERATE_INFOPLIST_FILE = YES;
				INFOPLIST_KEY_UIApplicationSceneManifest_Generation = YES;
				INFOPLIST_KEY_UIApplicationSupportsIndirectInputEvents = YES;
				INFOPLIST_KEY_UILaunchScreen_Generation = YES;
				INFOPLIST_KEY_UISupportedInterfaceOrientations_iPad = "UIInterfaceOrientationPortrait UIInterfaceOrientationPortraitUpsideDown UIInterfaceOrientationLandscapeLeft UIInterfaceOrientationLandscapeRight";
				INFOPLIST_KEY_UISupportedInterfaceOrientations_iPhone = "UIInterfaceOrientationPortrait UIInterfaceOrientationLandscapeLeft UIInterfaceOrientationLandscapeRight";
				IPHONEOS_DEPLOYMENT_TARGET = 17.0;
				LD_RUNPATH_SEARCH_PATHS = (
					"$(inherited)",
					"@executable_path/Frameworks",
				);
				MARKETING_VERSION = 1.0;
				PRODUCT_BUNDLE_IDENTIFIER = "de.2rs.SwiftUI-Minigolf";
				PRODUCT_NAME = "$(TARGET_NAME)";
				SWIFT_EMIT_LOC_STRINGS = YES;
				SWIFT_VERSION = 5.0;
				TARGETED_DEVICE_FAMILY = "1,2";
			};
			name = Debug;
		};
		F3F537342D92948D004F13BA /* Release */ = {
			isa = XCBuildConfiguration;
			buildSettings = {
				ASSETCATALOG_COMPILER_APPICON_NAME = AppIcon;
				ASSETCATALOG_COMPILER_GLOBAL_ACCENT_COLOR_NAME = AccentColor;
				CODE_SIGN_STYLE = Automatic;
				CURRENT_PROJECT_VERSION = 1;
				DEVELOPMENT_ASSET_PATHS = "\"SwiftUI-Minigolf/Preview Content\"";
				ENABLE_PREVIEWS = YES;
				GENERATE_INFOPLIST_FILE = YES;
				INFOPLIST_KEY_UIApplicationSceneManifest_Generation = YES;
				INFOPLIST_KEY_UIApplicationSupportsIndirectInputEvents = YES;
				INFOPLIST_KEY_UILaunchScreen_Generation = YES;
				INFOPLIST_KEY_UISupportedInterfaceOrientations_iPad = "UIInterfaceOrientationPortrait UIInterfaceOrientationPortraitUpsideDown UIInterfaceOrientationLandscapeLeft UIInterfaceOrientationLandscapeRight";
				INFOPLIST_KEY_UISupportedInterfaceOrientations_iPhone = "UIInterfaceOrientationPortrait UIInterfaceOrientationLandscapeLeft UIInterfaceOrientationLandscapeRight";
				IPHONEOS_DEPLOYMENT_TARGET = 17.0;
				LD_RUNPATH_SEARCH_PATHS = (
					"$(inherited)",
					"@executable_path/Frameworks",
				);
				MARKETING_VERSION = 1.0;
				PRODUCT_BUNDLE_IDENTIFIER = "de.2rs.SwiftUI-Minigolf";
				PRODUCT_NAME = "$(TARGET_NAME)";
				SWIFT_EMIT_LOC_STRINGS = YES;
				SWIFT_VERSION = 5.0;
				TARGETED_DEVICE_FAMILY = "1,2";
			};
			name = Release;
		};
/* End XCBuildConfiguration section */

/* Begin XCConfigurationList section */
		F3F5371F2D92948B004F13BA /* Build configuration list for PBXProject "SwiftUI-Minigolf" */ = {
			isa = XCConfigurationList;
			buildConfigurations = (
				F3F537302D92948D004F13BA /* Debug */,
				F3F537312D92948D004F13BA /* Release */,
			);
			defaultConfigurationIsVisible = 0;
			defaultConfigurationName = Release;
		};
		F3F537322D92948D004F13BA /* Build configuration list for PBXNativeTarget "SwiftUI-Minigolf" */ = {
			isa = XCConfigurationList;
			buildConfigurations = (
				F3F537332D92948D004F13BA /* Debug */,
				F3F537342D92948D004F13BA /* Release */,
			);
			defaultConfigurationIsVisible = 0;
			defaultConfigurationName = Release;
		};
/* End XCConfigurationList section */
	};
	rootObject = F3F5371C2D92948B004F13BA /* Project object */;
}
